
Microsoft Visual Studio Solution File, Format Version 12.00
# Visual Studio 15
VisualStudioVersion = 15.0.27004.2009
MinimumVisualStudioVersion = 10.0.40219.1
Project("{FAE04EC0-301F-11D3-BF4B-00C04F79EFBC}") = "ChatRoomMVCHubs", "ChatRoomMVCHubs\ChatRoomMVCHubs.csproj", "{ADC87995-031B-469D-9120-04748BF46F14}"
EndProject
Project("{FAE04EC0-301F-11D3-BF4B-00C04F79EFBC}") = "ChatRoomMVCPersistentConnection", "ChatRoomMVCPersistentConnection\ChatRoomMVCPersistentConnection.csproj", "{460EA5A4-0B68-4845-98BF-05339A45A9BE}"
EndProject
Project("{FAE04EC0-301F-11D3-BF4B-00C04F79EFBC}") = "SignalRDraw", "SignalRDraw\SignalRDraw.csproj", "{1073AB52-B603-4687-ADF5-24F3FF32A3E7}"
EndProject
Global
	GlobalSection(SolutionConfigurationPlatforms) = preSolution
		Debug|Any CPU = Debug|Any CPU
		Release|Any CPU = Release|Any CPU
	EndGlobalSection
	GlobalSection(ProjectConfigurationPlatforms) = postSolution
		{ADC87995-031B-469D-9120-04748BF46F14}.Debug|Any CPU.ActiveCfg = Debug|Any CPU
		{ADC87995-031B-469D-9120-04748BF46F14}.Debug|Any CPU.Build.0 = Debug|Any CPU
		{ADC87995-031B-469D-9120-04748BF46F14}.Release|Any CPU.ActiveCfg = Release|Any CPU
		{ADC87995-031B-469D-9120-04748BF46F14}.Release|Any CPU.Build.0 = Release|Any CPU
		{460EA5A4-0B68-4845-98BF-05339A45A9BE}.Debug|Any CPU.ActiveCfg = Debug|Any CPU
		{460EA5A4-0B68-4845-98BF-05339A45A9BE}.Debug|Any CPU.Build.0 = Debug|Any CPU
		{460EA5A4-0B68-4845-98BF-05339A45A9BE}.Release|Any CPU.ActiveCfg = Release|Any CPU
		{460EA5A4-0B68-4845-98BF-05339A45A9BE}.Release|Any CPU.Build.0 = Release|Any CPU
		{1073AB52-B603-4687-ADF5-24F3FF32A3E7}.Debug|Any CPU.ActiveCfg = Debug|Any CPU
		{1073AB52-B603-4687-ADF5-24F3FF32A3E7}.Debug|Any CPU.Build.0 = Debug|Any CPU
		{1073AB52-B603-4687-ADF5-24F3FF32A3E7}.Release|Any CPU.ActiveCfg = Release|Any CPU
		{1073AB52-B603-4687-ADF5-24F3FF32A3E7}.Release|Any CPU.Build.0 = Release|Any CPU
	EndGlobalSection
	GlobalSection(SolutionProperties) = preSolution
		HideSolutionNode = FALSE
	EndGlobalSection
	GlobalSection(ExtensibilityGlobals) = postSolution
		SolutionGuid = {20044D65-AE09-44E9-992E-1A3653979D5C}
	EndGlobalSection
EndGlobal
